// !$*UTF8*$!
{
	archiveVersion = 1;
	classes = {
	};
	objectVersion = 55;
	objects = {

/* Begin PBXBuildFile section */
		C094F3AC286D1B5B004CFDEB /* FavoriteBookSwiftUISamplesApp.swift in Sources */ = {isa = PBXBuildFile; fileRef = C094F3AB286D1B5B004CFDEB /* FavoriteBookSwiftUISamplesApp.swift */; };
		C094F3AE286D1B5B004CFDEB /* ContentView.swift in Sources */ = {isa = PBXBuildFile; fileRef = C094F3AD286D1B5B004CFDEB /* ContentView.swift */; };
		C094F3B0286D1B5F004CFDEB /* Assets.xcassets in Resources */ = {isa = PBXBuildFile; fileRef = C094F3AF286D1B5F004CFDEB /* Assets.xcassets */; };
		C094F3B3286D1B5F004CFDEB /* Preview Assets.xcassets in Resources */ = {isa = PBXBuildFile; fileRef = C094F3B2286D1B5F004CFDEB /* Preview Assets.xcassets */; };
		C094F3BA286D1BFF004CFDEB /* FavoriteModel.swift in Sources */ = {isa = PBXBuildFile; fileRef = C094F3B9286D1BFF004CFDEB /* FavoriteModel.swift */; };
		C094F3BC286D1E31004CFDEB /* FavoriteElementsModel.swift in Sources */ = {isa = PBXBuildFile; fileRef = C094F3BB286D1E31004CFDEB /* FavoriteElementsModel.swift */; };
/* End PBXBuildFile section */

/* Begin PBXFileReference section */
		C094F3A8286D1B5B004CFDEB /* FavoriteBookSwiftUISamples.app */ = {isa = PBXFileReference; explicitFileType = wrapper.application; includeInIndex = 0; path = FavoriteBookSwiftUISamples.app; sourceTree = BUILT_PRODUCTS_DIR; };
		C094F3AB286D1B5B004CFDEB /* FavoriteBookSwiftUISamplesApp.swift */ = {isa = PBXFileReference; lastKnownFileType = sourcecode.swift; path = FavoriteBookSwiftUISamplesApp.swift; sourceTree = "<group>"; };
		C094F3AD286D1B5B004CFDEB /* ContentView.swift */ = {isa = PBXFileReference; lastKnownFileType = sourcecode.swift; path = ContentView.swift; sourceTree = "<group>"; };
		C094F3AF286D1B5F004CFDEB /* Assets.xcassets */ = {isa = PBXFileReference; lastKnownFileType = folder.assetcatalog; path = Assets.xcassets; sourceTree = "<group>"; };
		C094F3B2286D1B5F004CFDEB /* Preview Assets.xcassets */ = {isa = PBXFileReference; lastKnownFileType = folder.assetcatalog; path = "Preview Assets.xcassets"; sourceTree = "<group>"; };
		C094F3B9286D1BFF004CFDEB /* FavoriteModel.swift */ = {isa = PBXFileReference; lastKnownFileType = sourcecode.swift; path = FavoriteModel.swift; sourceTree = "<group>"; };
		C094F3BB286D1E31004CFDEB /* FavoriteElementsModel.swift */ = {isa = PBXFileReference; lastKnownFileType = sourcecode.swift; path = FavoriteElementsModel.swift; sourceTree = "<group>"; };
/* End PBXFileReference section */

/* Begin PBXFrameworksBuildPhase section */
		C094F3A5286D1B5B004CFDEB /* Frameworks */ = {
			isa = PBXFrameworksBuildPhase;
			buildActionMask = 2147483647;
			files = (
			);
			runOnlyForDeploymentPostprocessing = 0;
		};
/* End PBXFrameworksBuildPhase section */

/* Begin PBXGroup section */
		C094F39F286D1B5B004CFDEB = {
			isa = PBXGroup;
			children = (
				C094F3AA286D1B5B004CFDEB /* FavoriteBookSwiftUISamples */,
				C094F3A9286D1B5B004CFDEB /* Products */,
			);
			sourceTree = "<group>";
		};
		C094F3A9286D1B5B004CFDEB /* Products */ = {
			isa = PBXGroup;
			children = (
				C094F3A8286D1B5B004CFDEB /* FavoriteBookSwiftUISamples.app */,
			);
			name = Products;
			sourceTree = "<group>";
		};
		C094F3AA286D1B5B004CFDEB /* FavoriteBookSwiftUISamples */ = {
			isa = PBXGroup;
			children = (
				C094F3AB286D1B5B004CFDEB /* FavoriteBookSwiftUISamplesApp.swift */,
				C094F3AD286D1B5B004CFDEB /* ContentView.swift */,
				C094F3B9286D1BFF004CFDEB /* FavoriteModel.swift */,
				C094F3BB286D1E31004CFDEB /* FavoriteElementsModel.swift */,
				C094F3AF286D1B5F004CFDEB /* Assets.xcassets */,
				C094F3B1286D1B5F004CFDEB /* Preview Content */,
			);
			path = FavoriteBookSwiftUISamples;
			sourceTree = "<group>";
		};
		C094F3B1286D1B5F004CFDEB /* Preview Content */ = {
			isa = PBXGroup;
			children = (
				C094F3B2286D1B5F004CFDEB /* Preview Assets.xcassets */,
			);
			path = "Preview Content";
			sourceTree = "<group>";
		};
/* End PBXGroup section */

/* Begin PBXNativeTarget section */
		C094F3A7286D1B5B004CFDEB /* FavoriteBookSwiftUISamples */ = {
			isa = PBXNativeTarget;
			buildConfigurationList = C094F3B6286D1B5F004CFDEB /* Build configuration list for PBXNativeTarget "FavoriteBookSwiftUISamples" */;
			buildPhases = (
				C094F3A4286D1B5B004CFDEB /* Sources */,
				C094F3A5286D1B5B004CFDEB /* Frameworks */,
				C094F3A6286D1B5B004CFDEB /* Resources */,
			);
			buildRules = (
			);
			dependencies = (
			);
			name = FavoriteBookSwiftUISamples;
			productName = FavoriteBookSwiftUISamples;
			productReference = C094F3A8286D1B5B004CFDEB /* FavoriteBookSwiftUISamples.app */;
			productType = "com.apple.product-type.application";
		};
/* End PBXNativeTarget section */

/* Begin PBXProject section */
		C094F3A0286D1B5B004CFDEB /* Project object */ = {
			isa = PBXProject;
			attributes = {
				BuildIndependentTargetsInParallel = 1;
				LastSwiftUpdateCheck = 1330;
				LastUpgradeCheck = 1330;
				TargetAttributes = {
					C094F3A7286D1B5B004CFDEB = {
						CreatedOnToolsVersion = 13.3.1;
					};
				};
			};
			buildConfigurationList = C094F3A3286D1B5B004CFDEB /* Build configuration list for PBXProject "FavoriteBookSwiftUISamples" */;
			compatibilityVersion = "Xcode 13.0";
			developmentRegion = en;
			hasScannedForEncodings = 0;
			knownRegions = (
				en,
				Base,
			);
			mainGroup = C094F39F286D1B5B004CFDEB;
			productRefGroup = C094F3A9286D1B5B004CFDEB /* Products */;
			projectDirPath = "";
			projectRoot = "";
			targets = (
				C094F3A7286D1B5B004CFDEB /* FavoriteBookSwiftUISamples */,
			);
		};
/* End PBXProject section */

/* Begin PBXResourcesBuildPhase section */
		C094F3A6286D1B5B004CFDEB /* Resources */ = {
			isa = PBXResourcesBuildPhase;
			buildActionMask = 2147483647;
			files = (
				C094F3B3286D1B5F004CFDEB /* Preview Assets.xcassets in Resources */,
				C094F3B0286D1B5F004CFDEB /* Assets.xcassets in Resources */,
			);
			runOnlyForDeploymentPostprocessing = 0;
		};
/* End PBXResourcesBuildPhase section */

/* Begin PBXSourcesBuildPhase section */
		C094F3A4286D1B5B004CFDEB /* Sources */ = {
			isa = PBXSourcesBuildPhase;
			buildActionMask = 2147483647;
			files = (
				C094F3BA286D1BFF004CFDEB /* FavoriteModel.swift in Sources */,
				C094F3AE286D1B5B004CFDEB /* ContentView.swift in Sources */,
				C094F3BC286D1E31004CFDEB /* FavoriteElementsModel.swift in Sources */,
				C094F3AC286D1B5B004CFDEB /* FavoriteBookSwiftUISamplesApp.swift in Sources */,
			);
			runOnlyForDeploymentPostprocessing = 0;
		};
/* End PBXSourcesBuildPhase section */

/* Begin XCBuildConfiguration section */
		C094F3B4286D1B5F004CFDEB /* Debug */ = {
			isa = XCBuildConfiguration;
			buildSettings = {
				ALWAYS_SEARCH_USER_PATHS = NO;
				CLANG_ANALYZER_NONNULL = YES;
				CLANG_ANALYZER_NUMBER_OBJECT_CONVERSION = YES_AGGRESSIVE;
				CLANG_CXX_LANGUAGE_STANDARD = "gnu++17";
				CLANG_ENABLE_MODULES = YES;
				CLANG_ENABLE_OBJC_ARC = YES;
				CLANG_ENABLE_OBJC_WEAK = YES;
				CLANG_WARN_BLOCK_CAPTURE_AUTORELEASING = YES;
				CLANG_WARN_BOOL_CONVERSION = YES;
				CLANG_WARN_COMMA = YES;
				CLANG_WARN_CONSTANT_CONVERSION = YES;
				CLANG_WARN_DEPRECATED_OBJC_IMPLEMENTATIONS = YES;
				CLANG_WARN_DIRECT_OBJC_ISA_USAGE = YES_ERROR;
				CLANG_WARN_DOCUMENTATION_COMMENTS = YES;
				CLANG_WARN_EMPTY_BODY = YES;
				CLANG_WARN_ENUM_CONVERSION = YES;
				CLANG_WARN_INFINITE_RECURSION = YES;
				CLANG_WARN_INT_CONVERSION = YES;
				CLANG_WARN_NON_LITERAL_NULL_CONVERSION = YES;
				CLANG_WARN_OBJC_IMPLICIT_RETAIN_SELF = YES;
				CLANG_WARN_OBJC_LITERAL_CONVERSION = YES;
				CLANG_WARN_OBJC_ROOT_CLASS = YES_ERROR;
				CLANG_WARN_QUOTED_INCLUDE_IN_FRAMEWORK_HEADER = YES;
				CLANG_WARN_RANGE_LOOP_ANALYSIS = YES;
				CLANG_WARN_STRICT_PROTOTYPES = YES;
				CLANG_WARN_SUSPICIOUS_MOVE = YES;
				CLANG_WARN_UNGUARDED_AVAILABILITY = YES_AGGRESSIVE;
				CLANG_WARN_UNREACHABLE_CODE = YES;
				CLANG_WARN__DUPLICATE_METHOD_MATCH = YES;
				COPY_PHASE_STRIP = NO;
				DEBUG_INFORMATION_FORMAT = dwarf;
				ENABLE_STRICT_OBJC_MSGSEND = YES;
				ENABLE_TESTABILITY = YES;
				GCC_C_LANGUAGE_STANDARD = gnu11;
				GCC_DYNAMIC_NO_PIC = NO;
				GCC_NO_COMMON_BLOCKS = YES;
				GCC_OPTIMIZATION_LEVEL = 0;
				GCC_PREPROCESSOR_DEFINITIONS = (
					"DEBUG=1",
					"$(inherited)",
				);
				GCC_WARN_64_TO_32_BIT_CONVERSION = YES;
				GCC_WARN_ABOUT_RETURN_TYPE = YES_ERROR;
				GCC_WARN_UNDECLARED_SELECTOR = YES;
				GCC_WARN_UNINITIALIZED_AUTOS = YES_AGGRESSIVE;
				GCC_WARN_UNUSED_FUNCTION = YES;
				GCC_WARN_UNUSED_VARIABLE = YES;
				IPHONEOS_DEPLOYMENT_TARGET = 15.4;
				MTL_ENABLE_DEBUG_INFO = INCLUDE_SOURCE;
				MTL_FAST_MATH = YES;
				ONLY_ACTIVE_ARCH = YES;
				SDKROOT = iphoneos;
				SWIFT_ACTIVE_COMPILATION_CONDITIONS = DEBUG;
				SWIFT_OPTIMIZATION_LEVEL = "-Onone";
			};
			name = Debug;
		};
		C094F3B5286D1B5F004CFDEB /* Release */ = {
			isa = XCBuildConfiguration;
			buildSettings = {
				ALWAYS_SEARCH_USER_PATHS = NO;
				CLANG_ANALYZER_NONNULL = YES;
				CLANG_ANALYZER_NUMBER_OBJECT_CONVERSION = YES_AGGRESSIVE;
				CLANG_CXX_LANGUAGE_STANDARD = "gnu++17";
				CLANG_ENABLE_MODULES = YES;
				CLANG_ENABLE_OBJC_ARC = YES;
				CLANG_ENABLE_OBJC_WEAK = YES;
				CLANG_WARN_BLOCK_CAPTURE_AUTORELEASING = YES;
				CLANG_WARN_BOOL_CONVERSION = YES;
				CLANG_WARN_COMMA = YES;
				CLANG_WARN_CONSTANT_CONVERSION = YES;
				CLANG_WARN_DEPRECATED_OBJC_IMPLEMENTATIONS = YES;
				CLANG_WARN_DIRECT_OBJC_ISA_USAGE = YES_ERROR;
				CLANG_WARN_DOCUMENTATION_COMMENTS = YES;
				CLANG_WARN_EMPTY_BODY = YES;
				CLANG_WARN_ENUM_CONVERSION = YES;
				CLANG_WARN_INFINITE_RECURSION = YES;
				CLANG_WARN_INT_CONVERSION = YES;
				CLANG_WARN_NON_LITERAL_NULL_CONVERSION = YES;
				CLANG_WARN_OBJC_IMPLICIT_RETAIN_SELF = YES;
				CLANG_WARN_OBJC_LITERAL_CONVERSION = YES;
				CLANG_WARN_OBJC_ROOT_CLASS = YES_ERROR;
				CLANG_WARN_QUOTED_INCLUDE_IN_FRAMEWORK_HEADER = YES;
				CLANG_WARN_RANGE_LOOP_ANALYSIS = YES;
				CLANG_WARN_STRICT_PROTOTYPES = YES;
				CLANG_WARN_SUSPICIOUS_MOVE = YES;
				CLANG_WARN_UNGUARDED_AVAILABILITY = YES_AGGRESSIVE;
				CLANG_WARN_UNREACHABLE_CODE = YES;
				CLANG_WARN__DUPLICATE_METHOD_MATCH = YES;
				COPY_PHASE_STRIP = NO;
				DEBUG_INFORMATION_FORMAT = "dwarf-with-dsym";
				ENABLE_NS_ASSERTIONS = NO;
				ENABLE_STRICT_OBJC_MSGSEND = YES;
				GCC_C_LANGUAGE_STANDARD = gnu11;
				GCC_NO_COMMON_BLOCKS = YES;
				GCC_WARN_64_TO_32_BIT_CONVERSION = YES;
				GCC_WARN_ABOUT_RETURN_TYPE = YES_ERROR;
				GCC_WARN_UNDECLARED_SELECTOR = YES;
				GCC_WARN_UNINITIALIZED_AUTOS = YES_AGGRESSIVE;
				GCC_WARN_UNUSED_FUNCTION = YES;
				GCC_WARN_UNUSED_VARIABLE = YES;
				IPHONEOS_DEPLOYMENT_TARGET = 15.4;
				MTL_ENABLE_DEBUG_INFO = NO;
				MTL_FAST_MATH = YES;
				SDKROOT = iphoneos;
				SWIFT_COMPILATION_MODE = wholemodule;
				SWIFT_OPTIMIZATION_LEVEL = "-O";
				VALIDATE_PRODUCT = YES;
			};
			name = Release;
		};
		C094F3B7286D1B5F004CFDEB /* Debug */ = {
			isa = XCBuildConfiguration;
			buildSettings = {
				ASSETCATALOG_COMPILER_APPICON_NAME = AppIcon;
				ASSETCATALOG_COMPILER_GLOBAL_ACCENT_COLOR_NAME = AccentColor;
				CODE_SIGN_STYLE = Automatic;
				CURRENT_PROJECT_VERSION = 1;
				DEVELOPMENT_ASSET_PATHS = "\"FavoriteBookSwiftUISamples/Preview Content\"";
				DEVELOPMENT_TEAM = H2UQC3V4S3;
				ENABLE_PREVIEWS = YES;
				GENERATE_INFOPLIST_FILE = YES;
				INFOPLIST_KEY_UIApplicationSceneManifest_Generation = YES;
				INFOPLIST_KEY_UIApplicationSupportsIndirectInputEvents = YES;
				INFOPLIST_KEY_UILaunchScreen_Generation = YES;
				INFOPLIST_KEY_UISupportedInterfaceOrientations_iPad = "UIInterfaceOrientationPortrait UIInterfaceOrientationPortraitUpsideDown UIInterfaceOrientationLandscapeLeft UIInterfaceOrientationLandscapeRight";
				INFOPLIST_KEY_UISupportedInterfaceOrientations_iPhone = "UIInterfaceOrientationPortrait UIInterfaceOrientationLandscapeLeft UIInterfaceOrientationLandscapeRight";
				LD_RUNPATH_SEARCH_PATHS = (
					"$(inherited)",
					"@executable_path/Frameworks",
				);
				MARKETING_VERSION = 1.0;
				PRODUCT_BUNDLE_IDENTIFIER = ergeakova.FavoriteBookSwiftUISamples;
				PRODUCT_NAME = "$(TARGET_NAME)";
				SWIFT_EMIT_LOC_STRINGS = YES;
				SWIFT_VERSION = 5.0;
				TARGETED_DEVICE_FAMILY = "1,2";
			};
			name = Debug;
		};
		C094F3B8286D1B5F004CFDEB /* Release */ = {
			isa = XCBuildConfiguration;
			buildSettings = {
				ASSETCATALOG_COMPILER_APPICON_NAME = AppIcon;
				ASSETCATALOG_COMPILER_GLOBAL_ACCENT_COLOR_NAME = AccentColor;
				CODE_SIGN_STYLE = Automatic;
				CURRENT_PROJECT_VERSION = 1;
				DEVELOPMENT_ASSET_PATHS = "\"FavoriteBookSwiftUISamples/Preview Content\"";
				DEVELOPMENT_TEAM = H2UQC3V4S3;
				ENABLE_PREVIEWS = YES;
				GENERATE_INFOPLIST_FILE = YES;
				INFOPLIST_KEY_UIApplicationSceneManifest_Generation = YES;
				INFOPLIST_KEY_UIApplicationSupportsIndirectInputEvents = YES;
				INFOPLIST_KEY_UILaunchScreen_Generation = YES;
				INFOPLIST_KEY_UISupportedInterfaceOrientations_iPad = "UIInterfaceOrientationPortrait UIInterfaceOrientationPortraitUpsideDown UIInterfaceOrientationLandscapeLeft UIInterfaceOrientationLandscapeRight";
				INFOPLIST_KEY_UISupportedInterfaceOrientations_iPhone = "UIInterfaceOrientationPortrait UIInterfaceOrientationLandscapeLeft UIInterfaceOrientationLandscapeRight";
				LD_RUNPATH_SEARCH_PATHS = (
					"$(inherited)",
					"@executable_path/Frameworks",
				);
				MARKETING_VERSION = 1.0;
				PRODUCT_BUNDLE_IDENTIFIER = ergeakova.FavoriteBookSwiftUISamples;
				PRODUCT_NAME = "$(TARGET_NAME)";
				SWIFT_EMIT_LOC_STRINGS = YES;
				SWIFT_VERSION = 5.0;
				TARGETED_DEVICE_FAMILY = "1,2";
			};
			name = Release;
		};
/* End XCBuildConfiguration section */

/* Begin XCConfigurationList section */
		C094F3A3286D1B5B004CFDEB /* Build configuration list for PBXProject "FavoriteBookSwiftUISamples" */ = {
			isa = XCConfigurationList;
			buildConfigurations = (
				C094F3B4286D1B5F004CFDEB /* Debug */,
				C094F3B5286D1B5F004CFDEB /* Release */,
			);
			defaultConfigurationIsVisible = 0;
			defaultConfigurationName = Release;
		};
		C094F3B6286D1B5F004CFDEB /* Build configuration list for PBXNativeTarget "FavoriteBookSwiftUISamples" */ = {
			isa = XCConfigurationList;
			buildConfigurations = (
				C094F3B7286D1B5F004CFDEB /* Debug */,
				C094F3B8286D1B5F004CFDEB /* Release */,
			);
			defaultConfigurationIsVisible = 0;
			defaultConfigurationName = Release;
		};
/* End XCConfigurationList section */
	};
	rootObject = C094F3A0286D1B5B004CFDEB /* Project object */;
}
